// !$*UTF8*$!
{
	archiveVersion = 1;
	classes = {
	};
	objectVersion = 46;
	objects = {

/* Begin PBXBuildFile section */
		1534ED771A23433700E160CD /* LoginViewController.m in Sources */ = {isa = PBXBuildFile; fileRef = 1534ED761A23433700E160CD /* LoginViewController.m */; };
		1534ED7A1A2343F900E160CD /* DetailViewController.m in Sources */ = {isa = PBXBuildFile; fileRef = 1534ED791A2343F900E160CD /* DetailViewController.m */; };
		1534ED811A23469E00E160CD /* LoginManager.m in Sources */ = {isa = PBXBuildFile; fileRef = 1534ED801A23469E00E160CD /* LoginManager.m */; };
		1534ED831A23633F00E160CD /* hello_world.jpg in Resources */ = {isa = PBXBuildFile; fileRef = 1534ED821A23633F00E160CD /* hello_world.jpg */; };
		15EBD6B81A1F2118003B4F31 /* main.m in Sources */ = {isa = PBXBuildFile; fileRef = 15EBD6B71A1F2118003B4F31 /* main.m */; };
		15EBD6BB1A1F2118003B4F31 /* AppDelegate.m in Sources */ = {isa = PBXBuildFile; fileRef = 15EBD6BA1A1F2118003B4F31 /* AppDelegate.m */; };
		15EBD6C11A1F2118003B4F31 /* Main.storyboard in Resources */ = {isa = PBXBuildFile; fileRef = 15EBD6BF1A1F2118003B4F31 /* Main.storyboard */; };
		15EBD6C31A1F2119003B4F31 /* Images.xcassets in Resources */ = {isa = PBXBuildFile; fileRef = 15EBD6C21A1F2119003B4F31 /* Images.xcassets */; };
		15EBD6C61A1F2119003B4F31 /* LaunchScreen.xib in Resources */ = {isa = PBXBuildFile; fileRef = 15EBD6C41A1F2119003B4F31 /* LaunchScreen.xib */; };
		15EBD6D21A1F2119003B4F31 /* AltitudeLabsTests.m in Sources */ = {isa = PBXBuildFile; fileRef = 15EBD6D11A1F2119003B4F31 /* AltitudeLabsTests.m */; };
/* End PBXBuildFile section */

/* Begin PBXContainerItemProxy section */
		15EBD6CC1A1F2119003B4F31 /* PBXContainerItemProxy */ = {
			isa = PBXContainerItemProxy;
			containerPortal = 15EBD6AA1A1F2118003B4F31 /* Project object */;
			proxyType = 1;
			remoteGlobalIDString = 15EBD6B11A1F2118003B4F31;
			remoteInfo = AltitudeLabs;
		};
/* End PBXContainerItemProxy section */

/* Begin PBXFileReference section */
		1534ED751A23433700E160CD /* LoginViewController.h */ = {isa = PBXFileReference; fileEncoding = 4; lastKnownFileType = sourcecode.c.h; path = LoginViewController.h; sourceTree = "<group>"; };
		1534ED761A23433700E160CD /* LoginViewController.m */ = {isa = PBXFileReference; fileEncoding = 4; lastKnownFileType = sourcecode.c.objc; path = LoginViewController.m; sourceTree = "<group>"; };
		1534ED781A2343F900E160CD /* DetailViewController.h */ = {isa = PBXFileReference; fileEncoding = 4; lastKnownFileType = sourcecode.c.h; path = DetailViewController.h; sourceTree = "<group>"; };
		1534ED791A2343F900E160CD /* DetailViewController.m */ = {isa = PBXFileReference; fileEncoding = 4; lastKnownFileType = sourcecode.c.objc; path = DetailViewController.m; sourceTree = "<group>"; };
		1534ED7F1A23469E00E160CD /* LoginManager.h */ = {isa = PBXFileReference; fileEncoding = 4; lastKnownFileType = sourcecode.c.h; path = LoginManager.h; sourceTree = "<group>"; };
		1534ED801A23469E00E160CD /* LoginManager.m */ = {isa = PBXFileReference; fileEncoding = 4; lastKnownFileType = sourcecode.c.objc; path = LoginManager.m; sourceTree = "<group>"; };
		1534ED821A23633F00E160CD /* hello_world.jpg */ = {isa = PBXFileReference; lastKnownFileType = image.jpeg; name = hello_world.jpg; path = ../hello_world.jpg; sourceTree = "<group>"; };
		15EBD6B21A1F2118003B4F31 /* AltitudeLabs.app */ = {isa = PBXFileReference; explicitFileType = wrapper.application; includeInIndex = 0; path = AltitudeLabs.app; sourceTree = BUILT_PRODUCTS_DIR; };
		15EBD6B61A1F2118003B4F31 /* Info.plist */ = {isa = PBXFileReference; lastKnownFileType = text.plist.xml; path = Info.plist; sourceTree = "<group>"; };
		15EBD6B71A1F2118003B4F31 /* main.m */ = {isa = PBXFileReference; lastKnownFileType = sourcecode.c.objc; path = main.m; sourceTree = "<group>"; };
		15EBD6B91A1F2118003B4F31 /* AppDelegate.h */ = {isa = PBXFileReference; lastKnownFileType = sourcecode.c.h; path = AppDelegate.h; sourceTree = "<group>"; };
		15EBD6BA1A1F2118003B4F31 /* AppDelegate.m */ = {isa = PBXFileReference; lastKnownFileType = sourcecode.c.objc; path = AppDelegate.m; sourceTree = "<group>"; };
		15EBD6C01A1F2118003B4F31 /* Base */ = {isa = PBXFileReference; lastKnownFileType = file.storyboard; name = Base; path = Base.lproj/Main.storyboard; sourceTree = "<group>"; };
		15EBD6C21A1F2119003B4F31 /* Images.xcassets */ = {isa = PBXFileReference; lastKnownFileType = folder.assetcatalog; path = Images.xcassets; sourceTree = "<group>"; };
		15EBD6C51A1F2119003B4F31 /* Base */ = {isa = PBXFileReference; lastKnownFileType = file.xib; name = Base; path = Base.lproj/LaunchScreen.xib; sourceTree = "<group>"; };
		15EBD6CB1A1F2119003B4F31 /* AltitudeLabsTests.xctest */ = {isa = PBXFileReference; explicitFileType = wrapper.cfbundle; includeInIndex = 0; path = AltitudeLabsTests.xctest; sourceTree = BUILT_PRODUCTS_DIR; };
		15EBD6D01A1F2119003B4F31 /* Info.plist */ = {isa = PBXFileReference; lastKnownFileType = text.plist.xml; path = Info.plist; sourceTree = "<group>"; };
		15EBD6D11A1F2119003B4F31 /* AltitudeLabsTests.m */ = {isa = PBXFileReference; lastKnownFileType = sourcecode.c.objc; path = AltitudeLabsTests.m; sourceTree = "<group>"; };
/* End PBXFileReference section */

/* Begin PBXFrameworksBuildPhase section */
		15EBD6AF1A1F2118003B4F31 /* Frameworks */ = {
			isa = PBXFrameworksBuildPhase;
			buildActionMask = 2147483647;
			files = (
			);
			runOnlyForDeploymentPostprocessing = 0;
		};
		15EBD6C81A1F2119003B4F31 /* Frameworks */ = {
			isa = PBXFrameworksBuildPhase;
			buildActionMask = 2147483647;
			files = (
			);
			runOnlyForDeploymentPostprocessing = 0;
		};
/* End PBXFrameworksBuildPhase section */

/* Begin PBXGroup section */
		1534ED7E1A23465600E160CD /* Models */ = {
			isa = PBXGroup;
			children = (
				1534ED7F1A23469E00E160CD /* LoginManager.h */,
				1534ED801A23469E00E160CD /* LoginManager.m */,
			);
			name = Models;
			sourceTree = "<group>";
		};
		1534ED841A2364CB00E160CD /* ViewControllers */ = {
			isa = PBXGroup;
			children = (
				1534ED751A23433700E160CD /* LoginViewController.h */,
				1534ED761A23433700E160CD /* LoginViewController.m */,
				1534ED781A2343F900E160CD /* DetailViewController.h */,
				1534ED791A2343F900E160CD /* DetailViewController.m */,
			);
			name = ViewControllers;
			sourceTree = "<group>";
		};
		1534ED851A2364D800E160CD /* Graphics */ = {
			isa = PBXGroup;
			children = (
				1534ED821A23633F00E160CD /* hello_world.jpg */,
			);
			name = Graphics;
			sourceTree = "<group>";
		};
		15EBD6A91A1F2118003B4F31 = {
			isa = PBXGroup;
			children = (
				15EBD6B41A1F2118003B4F31 /* AltitudeLabs */,
				15EBD6CE1A1F2119003B4F31 /* AltitudeLabsTests */,
				15EBD6B31A1F2118003B4F31 /* Products */,
			);
			sourceTree = "<group>";
		};
		15EBD6B31A1F2118003B4F31 /* Products */ = {
			isa = PBXGroup;
			children = (
				15EBD6B21A1F2118003B4F31 /* AltitudeLabs.app */,
				15EBD6CB1A1F2119003B4F31 /* AltitudeLabsTests.xctest */,
			);
			name = Products;
			sourceTree = "<group>";
		};
		15EBD6B41A1F2118003B4F31 /* AltitudeLabs */ = {
			isa = PBXGroup;
			children = (
				1534ED7E1A23465600E160CD /* Models */,
				1534ED841A2364CB00E160CD /* ViewControllers */,
				1534ED851A2364D800E160CD /* Graphics */,
				15EBD6B91A1F2118003B4F31 /* AppDelegate.h */,
				15EBD6BA1A1F2118003B4F31 /* AppDelegate.m */,
				15EBD6BF1A1F2118003B4F31 /* Main.storyboard */,
				15EBD6C21A1F2119003B4F31 /* Images.xcassets */,
				15EBD6C41A1F2119003B4F31 /* LaunchScreen.xib */,
				15EBD6B51A1F2118003B4F31 /* Supporting Files */,
			);
			path = AltitudeLabs;
			sourceTree = "<group>";
		};
		15EBD6B51A1F2118003B4F31 /* Supporting Files */ = {
			isa = PBXGroup;
			children = (
				15EBD6B61A1F2118003B4F31 /* Info.plist */,
				15EBD6B71A1F2118003B4F31 /* main.m */,
			);
			name = "Supporting Files";
			sourceTree = "<group>";
		};
		15EBD6CE1A1F2119003B4F31 /* AltitudeLabsTests */ = {
			isa = PBXGroup;
			children = (
				15EBD6D11A1F2119003B4F31 /* AltitudeLabsTests.m */,
				15EBD6CF1A1F2119003B4F31 /* Supporting Files */,
			);
			path = AltitudeLabsTests;
			sourceTree = "<group>";
		};
		15EBD6CF1A1F2119003B4F31 /* Supporting Files */ = {
			isa = PBXGroup;
			children = (
				15EBD6D01A1F2119003B4F31 /* Info.plist */,
			);
			name = "Supporting Files";
			sourceTree = "<group>";
		};
/* End PBXGroup section */

/* Begin PBXNativeTarget section */
		15EBD6B11A1F2118003B4F31 /* AltitudeLabs */ = {
			isa = PBXNativeTarget;
			buildConfigurationList = 15EBD6D51A1F2119003B4F31 /* Build configuration list for PBXNativeTarget "AltitudeLabs" */;
			buildPhases = (
				15EBD6AE1A1F2118003B4F31 /* Sources */,
				15EBD6AF1A1F2118003B4F31 /* Frameworks */,
				15EBD6B01A1F2118003B4F31 /* Resources */,
			);
			buildRules = (
			);
			dependencies = (
			);
			name = AltitudeLabs;
			productName = AltitudeLabs;
			productReference = 15EBD6B21A1F2118003B4F31 /* AltitudeLabs.app */;
			productType = "com.apple.product-type.application";
		};
		15EBD6CA1A1F2119003B4F31 /* AltitudeLabsTests */ = {
			isa = PBXNativeTarget;
			buildConfigurationList = 15EBD6D81A1F2119003B4F31 /* Build configuration list for PBXNativeTarget "AltitudeLabsTests" */;
			buildPhases = (
				15EBD6C71A1F2119003B4F31 /* Sources */,
				15EBD6C81A1F2119003B4F31 /* Frameworks */,
				15EBD6C91A1F2119003B4F31 /* Resources */,
			);
			buildRules = (
			);
			dependencies = (
				15EBD6CD1A1F2119003B4F31 /* PBXTargetDependency */,
			);
			name = AltitudeLabsTests;
			productName = AltitudeLabsTests;
			productReference = 15EBD6CB1A1F2119003B4F31 /* AltitudeLabsTests.xctest */;
			productType = "com.apple.product-type.bundle.unit-test";
		};
/* End PBXNativeTarget section */

/* Begin PBXProject section */
		15EBD6AA1A1F2118003B4F31 /* Project object */ = {
			isa = PBXProject;
			attributes = {
				LastUpgradeCheck = 0610;
				ORGANIZATIONNAME = "Li Siu Leung";
				TargetAttributes = {
					15EBD6B11A1F2118003B4F31 = {
						CreatedOnToolsVersion = 6.1;
					};
					15EBD6CA1A1F2119003B4F31 = {
						CreatedOnToolsVersion = 6.1;
						TestTargetID = 15EBD6B11A1F2118003B4F31;
					};
				};
			};
			buildConfigurationList = 15EBD6AD1A1F2118003B4F31 /* Build configuration list for PBXProject "AltitudeLabs" */;
			compatibilityVersion = "Xcode 3.2";
			developmentRegion = English;
			hasScannedForEncodings = 0;
			knownRegions = (
				en,
				Base,
			);
			mainGroup = 15EBD6A91A1F2118003B4F31;
			productRefGroup = 15EBD6B31A1F2118003B4F31 /* Products */;
			projectDirPath = "";
			projectRoot = "";
			targets = (
				15EBD6B11A1F2118003B4F31 /* AltitudeLabs */,
				15EBD6CA1A1F2119003B4F31 /* AltitudeLabsTests */,
			);
		};
/* End PBXProject section */

/* Begin PBXResourcesBuildPhase section */
		15EBD6B01A1F2118003B4F31 /* Resources */ = {
			isa = PBXResourcesBuildPhase;
			buildActionMask = 2147483647;
			files = (
				15EBD6C11A1F2118003B4F31 /* Main.storyboard in Resources */,
				15EBD6C61A1F2119003B4F31 /* LaunchScreen.xib in Resources */,
				1534ED831A23633F00E160CD /* hello_world.jpg in Resources */,
				15EBD6C31A1F2119003B4F31 /* Images.xcassets in Resources */,
			);
			runOnlyForDeploymentPostprocessing = 0;
		};
		15EBD6C91A1F2119003B4F31 /* Resources */ = {
			isa = PBXResourcesBuildPhase;
			buildActionMask = 2147483647;
			files = (
			);
			runOnlyForDeploymentPostprocessing = 0;
		};
/* End PBXResourcesBuildPhase section */

/* Begin PBXSourcesBuildPhase section */
		15EBD6AE1A1F2118003B4F31 /* Sources */ = {
			isa = PBXSourcesBuildPhase;
			buildActionMask = 2147483647;
			files = (
				1534ED7A1A2343F900E160CD /* DetailViewController.m in Sources */,
				1534ED811A23469E00E160CD /* LoginManager.m in Sources */,
				1534ED771A23433700E160CD /* LoginViewController.m in Sources */,
				15EBD6BB1A1F2118003B4F31 /* AppDelegate.m in Sources */,
				15EBD6B81A1F2118003B4F31 /* main.m in Sources */,
			);
			runOnlyForDeploymentPostprocessing = 0;
		};
		15EBD6C71A1F2119003B4F31 /* Sources */ = {
			isa = PBXSourcesBuildPhase;
			buildActionMask = 2147483647;
			files = (
				15EBD6D21A1F2119003B4F31 /* AltitudeLabsTests.m in Sources */,
			);
			runOnlyForDeploymentPostprocessing = 0;
		};
/* End PBXSourcesBuildPhase section */

/* Begin PBXTargetDependency section */
		15EBD6CD1A1F2119003B4F31 /* PBXTargetDependency */ = {
			isa = PBXTargetDependency;
			target = 15EBD6B11A1F2118003B4F31 /* AltitudeLabs */;
			targetProxy = 15EBD6CC1A1F2119003B4F31 /* PBXContainerItemProxy */;
		};
/* End PBXTargetDependency section */

/* Begin PBXVariantGroup section */
		15EBD6BF1A1F2118003B4F31 /* Main.storyboard */ = {
			isa = PBXVariantGroup;
			children = (
				15EBD6C01A1F2118003B4F31 /* Base */,
			);
			name = Main.storyboard;
			sourceTree = "<group>";
		};
		15EBD6C41A1F2119003B4F31 /* LaunchScreen.xib */ = {
			isa = PBXVariantGroup;
			children = (
				15EBD6C51A1F2119003B4F31 /* Base */,
			);
			name = LaunchScreen.xib;
			sourceTree = "<group>";
		};
/* End PBXVariantGroup section */

/* Begin XCBuildConfiguration section */
		15EBD6D31A1F2119003B4F31 /* Debug */ = {
			isa = XCBuildConfiguration;
			buildSettings = {
				ALWAYS_SEARCH_USER_PATHS = NO;
				CLANG_CXX_LANGUAGE_STANDARD = "gnu++0x";
				CLANG_CXX_LIBRARY = "libc++";
				CLANG_ENABLE_MODULES = YES;
				CLANG_ENABLE_OBJC_ARC = YES;
				CLANG_WARN_BOOL_CONVERSION = YES;
				CLANG_WARN_CONSTANT_CONVERSION = YES;
				CLANG_WARN_DIRECT_OBJC_ISA_USAGE = YES_ERROR;
				CLANG_WARN_EMPTY_BODY = YES;
				CLANG_WARN_ENUM_CONVERSION = YES;
				CLANG_WARN_INT_CONVERSION = YES;
				CLANG_WARN_OBJC_ROOT_CLASS = YES_ERROR;
				CLANG_WARN_UNREACHABLE_CODE = YES;
				CLANG_WARN__DUPLICATE_METHOD_MATCH = YES;
				"CODE_SIGN_IDENTITY[sdk=iphoneos*]" = "iPhone Developer";
				COPY_PHASE_STRIP = NO;
				ENABLE_STRICT_OBJC_MSGSEND = YES;
				GCC_C_LANGUAGE_STANDARD = gnu99;
				GCC_DYNAMIC_NO_PIC = NO;
				GCC_OPTIMIZATION_LEVEL = 0;
				GCC_PREPROCESSOR_DEFINITIONS = (
					"DEBUG=1",
					"$(inherited)",
				);
				GCC_SYMBOLS_PRIVATE_EXTERN = NO;
				GCC_WARN_64_TO_32_BIT_CONVERSION = YES;
				GCC_WARN_ABOUT_RETURN_TYPE = YES_ERROR;
				GCC_WARN_UNDECLARED_SELECTOR = YES;
				GCC_WARN_UNINITIALIZED_AUTOS = YES_AGGRESSIVE;
				GCC_WARN_UNUSED_FUNCTION = YES;
				GCC_WARN_UNUSED_VARIABLE = YES;
				IPHONEOS_DEPLOYMENT_TARGET = 8.1;
				MTL_ENABLE_DEBUG_INFO = YES;
				ONLY_ACTIVE_ARCH = YES;
				SDKROOT = iphoneos;
				TARGETED_DEVICE_FAMILY = "1,2";
			};
			name = Debug;
		};
		15EBD6D41A1F2119003B4F31 /* Release */ = {
			isa = XCBuildConfiguration;
			buildSettings = {
				ALWAYS_SEARCH_USER_PATHS = NO;
				CLANG_CXX_LANGUAGE_STANDARD = "gnu++0x";
				CLANG_CXX_LIBRARY = "libc++";
				CLANG_ENABLE_MODULES = YES;
				CLANG_ENABLE_OBJC_ARC = YES;
				CLANG_WARN_BOOL_CONVERSION = YES;
				CLANG_WARN_CONSTANT_CONVERSION = YES;
				CLANG_WARN_DIRECT_OBJC_ISA_USAGE = YES_ERROR;
				CLANG_WARN_EMPTY_BODY = YES;
				CLANG_WARN_ENUM_CONVERSION = YES;
				CLANG_WARN_INT_CONVERSION = YES;
				CLANG_WARN_OBJC_ROOT_CLASS = YES_ERROR;
				CLANG_WARN_UNREACHABLE_CODE = YES;
				CLANG_WARN__DUPLICATE_METHOD_MATCH = YES;
				"CODE_SIGN_IDENTITY[sdk=iphoneos*]" = "iPhone Developer";
				COPY_PHASE_STRIP = YES;
				ENABLE_NS_ASSERTIONS = NO;
				ENABLE_STRICT_OBJC_MSGSEND = YES;
				GCC_C_LANGUAGE_STANDARD = gnu99;
				GCC_WARN_64_TO_32_BIT_CONVERSION = YES;
				GCC_WARN_ABOUT_RETURN_TYPE = YES_ERROR;
				GCC_WARN_UNDECLARED_SELECTOR = YES;
				GCC_WARN_UNINITIALIZED_AUTOS = YES_AGGRESSIVE;
				GCC_WARN_UNUSED_FUNCTION = YES;
				GCC_WARN_UNUSED_VARIABLE = YES;
				IPHONEOS_DEPLOYMENT_TARGET = 8.1;
				MTL_ENABLE_DEBUG_INFO = NO;
				SDKROOT = iphoneos;
				TARGETED_DEVICE_FAMILY = "1,2";
				VALIDATE_PRODUCT = YES;
			};
			name = Release;
		};
		15EBD6D61A1F2119003B4F31 /* Debug */ = {
			isa = XCBuildConfiguration;
			buildSettings = {
				ASSETCATALOG_COMPILER_APPICON_NAME = AppIcon;
				INFOPLIST_FILE = AltitudeLabs/Info.plist;
				LD_RUNPATH_SEARCH_PATHS = "$(inherited) @executable_path/Frameworks";
				PRODUCT_NAME = "$(TARGET_NAME)";
			};
			name = Debug;
		};
		15EBD6D71A1F2119003B4F31 /* Release */ = {
			isa = XCBuildConfiguration;
			buildSettings = {
				ASSETCATALOG_COMPILER_APPICON_NAME = AppIcon;
				INFOPLIST_FILE = AltitudeLabs/Info.plist;
				LD_RUNPATH_SEARCH_PATHS = "$(inherited) @executable_path/Frameworks";
				PRODUCT_NAME = "$(TARGET_NAME)";
			};
			name = Release;
		};
		15EBD6D91A1F2119003B4F31 /* Debug */ = {
			isa = XCBuildConfiguration;
			buildSettings = {
				BUNDLE_LOADER = "$(TEST_HOST)";
				FRAMEWORK_SEARCH_PATHS = (
					"$(SDKROOT)/Developer/Library/Frameworks",
					"$(inherited)",
				);
				GCC_PREPROCESSOR_DEFINITIONS = (
					"DEBUG=1",
					"$(inherited)",
				);
				INFOPLIST_FILE = AltitudeLabsTests/Info.plist;
				LD_RUNPATH_SEARCH_PATHS = "$(inherited) @executable_path/Frameworks @loader_path/Frameworks";
				PRODUCT_NAME = "$(TARGET_NAME)";
				TEST_HOST = "$(BUILT_PRODUCTS_DIR)/AltitudeLabs.app/AltitudeLabs";
			};
			name = Debug;
		};
		15EBD6DA1A1F2119003B4F31 /* Release */ = {
			isa = XCBuildConfiguration;
			buildSettings = {
				BUNDLE_LOADER = "$(TEST_HOST)";
				FRAMEWORK_SEARCH_PATHS = (
					"$(SDKROOT)/Developer/Library/Frameworks",
					"$(inherited)",
				);
				INFOPLIST_FILE = AltitudeLabsTests/Info.plist;
				LD_RUNPATH_SEARCH_PATHS = "$(inherited) @executable_path/Frameworks @loader_path/Frameworks";
				PRODUCT_NAME = "$(TARGET_NAME)";
				TEST_HOST = "$(BUILT_PRODUCTS_DIR)/AltitudeLabs.app/AltitudeLabs";
			};
			name = Release;
		};
/* End XCBuildConfiguration section */

/* Begin XCConfigurationList section */
		15EBD6AD1A1F2118003B4F31 /* Build configuration list for PBXProject "AltitudeLabs" */ = {
			isa = XCConfigurationList;
			buildConfigurations = (
				15EBD6D31A1F2119003B4F31 /* Debug */,
				15EBD6D41A1F2119003B4F31 /* Release */,
			);
			defaultConfigurationIsVisible = 0;
			defaultConfigurationName = Release;
		};
		15EBD6D51A1F2119003B4F31 /* Build configuration list for PBXNativeTarget "AltitudeLabs" */ = {
			isa = XCConfigurationList;
			buildConfigurations = (
				15EBD6D61A1F2119003B4F31 /* Debug */,
				15EBD6D71A1F2119003B4F31 /* Release */,
			);
			defaultConfigurationIsVisible = 0;
			defaultConfigurationName = Release;
		};
		15EBD6D81A1F2119003B4F31 /* Build configuration list for PBXNativeTarget "AltitudeLabsTests" */ = {
			isa = XCConfigurationList;
			buildConfigurations = (
				15EBD6D91A1F2119003B4F31 /* Debug */,
				15EBD6DA1A1F2119003B4F31 /* Release */,
			);
			defaultConfigurationIsVisible = 0;
			defaultConfigurationName = Release;
		};
/* End XCConfigurationList section */
	};
	rootObject = 15EBD6AA1A1F2118003B4F31 /* Project object */;
}
